
Microsoft Visual Studio Solution File, Format Version 12.00
# Visual Studio 14
VisualStudioVersion = 14.0.24720.0
MinimumVisualStudioVersion = 10.0.40219.1
Project("{FAE04EC0-301F-11D3-BF4B-00C04F79EFBC}") = "EarleCode", "src\EarleCode\EarleCode.csproj", "{6ED00913-9BE1-4F02-97FE-25568D4EED27}"
EndProject
Project("{FAE04EC0-301F-11D3-BF4B-00C04F79EFBC}") = "EarleCode.Debug", "src\EarleCode.Debug\EarleCode.Debug.csproj", "{6DEBBF3C-9B9F-45DD-B2D5-96196B7A01AB}"
EndProject
Project("{FAE04EC0-301F-11D3-BF4B-00C04F79EFBC}") = "EarleCode.UnitTests", "EarleCode.UnitTests\EarleCode.UnitTests.csproj", "{B7B2469C-7799-40D9-96F2-92A886616BDE}"
EndProject
Global
	GlobalSection(SolutionConfigurationPlatforms) = preSolution
		Debug|Any CPU = Debug|Any CPU
		Release|Any CPU = Release|Any CPU
	EndGlobalSection
	GlobalSection(ProjectConfigurationPlatforms) = postSolution
		{6ED00913-9BE1-4F02-97FE-25568D4EED27}.Debug|Any CPU.ActiveCfg = Debug|Any CPU
		{6ED00913-9BE1-4F02-97FE-25568D4EED27}.Debug|Any CPU.Build.0 = Debug|Any CPU
		{6ED00913-9BE1-4F02-97FE-25568D4EED27}.Release|Any CPU.ActiveCfg = Release|Any CPU
		{6ED00913-9BE1-4F02-97FE-25568D4EED27}.Release|Any CPU.Build.0 = Release|Any CPU
		{6DEBBF3C-9B9F-45DD-B2D5-96196B7A01AB}.Debug|Any CPU.ActiveCfg = Debug|Any CPU
		{6DEBBF3C-9B9F-45DD-B2D5-96196B7A01AB}.Debug|Any CPU.Build.0 = Debug|Any CPU
		{6DEBBF3C-9B9F-45DD-B2D5-96196B7A01AB}.Release|Any CPU.ActiveCfg = Release|Any CPU
		{6DEBBF3C-9B9F-45DD-B2D5-96196B7A01AB}.Release|Any CPU.Build.0 = Release|Any CPU
		{B7B2469C-7799-40D9-96F2-92A886616BDE}.Debug|Any CPU.ActiveCfg = Debug|Any CPU
		{B7B2469C-7799-40D9-96F2-92A886616BDE}.Debug|Any CPU.Build.0 = Debug|Any CPU
		{B7B2469C-7799-40D9-96F2-92A886616BDE}.Release|Any CPU.ActiveCfg = Release|Any CPU
		{B7B2469C-7799-40D9-96F2-92A886616BDE}.Release|Any CPU.Build.0 = Release|Any CPU
	EndGlobalSection
	GlobalSection(SolutionProperties) = preSolution
		HideSolutionNode = FALSE
	EndGlobalSection
EndGlobal
